
Microsoft Visual Studio Solution File, Format Version 12.00
# Visual Studio 15
VisualStudioVersion = 15.0.28307.102
MinimumVisualStudioVersion = 10.0.40219.1
Project("{FAE04EC0-301F-11D3-BF4B-00C04F79EFBC}") = "SportsStore.WebUI", "SportsStore.WebUI\SportsStore.WebUI.csproj", "{3601F484-5787-4E63-A919-FDAFF364E7BD}"
EndProject
Project("{FAE04EC0-301F-11D3-BF4B-00C04F79EFBC}") = "SportsStore.UnitTests", "SportsStore.UnitTests\SportsStore.UnitTests.csproj", "{ED3BD425-291D-47FA-9A03-6E08F26E666A}"
EndProject
Project("{FAE04EC0-301F-11D3-BF4B-00C04F79EFBC}") = "SportsStore.Domain", "SportsStore.Domain\SportsStore.Domain.csproj", "{5B7096A7-960E-4519-A697-07F1476438A7}"
EndProject
Global
	GlobalSection(SolutionConfigurationPlatforms) = preSolution
		Debug|Any CPU = Debug|Any CPU
		Release|Any CPU = Release|Any CPU
	EndGlobalSection
	GlobalSection(ProjectConfigurationPlatforms) = postSolution
		{3601F484-5787-4E63-A919-FDAFF364E7BD}.Debug|Any CPU.ActiveCfg = Debug|Any CPU
		{3601F484-5787-4E63-A919-FDAFF364E7BD}.Debug|Any CPU.Build.0 = Debug|Any CPU
		{3601F484-5787-4E63-A919-FDAFF364E7BD}.Release|Any CPU.ActiveCfg = Release|Any CPU
		{3601F484-5787-4E63-A919-FDAFF364E7BD}.Release|Any CPU.Build.0 = Release|Any CPU
		{ED3BD425-291D-47FA-9A03-6E08F26E666A}.Debug|Any CPU.ActiveCfg = Debug|Any CPU
		{ED3BD425-291D-47FA-9A03-6E08F26E666A}.Debug|Any CPU.Build.0 = Debug|Any CPU
		{ED3BD425-291D-47FA-9A03-6E08F26E666A}.Release|Any CPU.ActiveCfg = Release|Any CPU
		{ED3BD425-291D-47FA-9A03-6E08F26E666A}.Release|Any CPU.Build.0 = Release|Any CPU
		{5B7096A7-960E-4519-A697-07F1476438A7}.Debug|Any CPU.ActiveCfg = Debug|Any CPU
		{5B7096A7-960E-4519-A697-07F1476438A7}.Debug|Any CPU.Build.0 = Debug|Any CPU
		{5B7096A7-960E-4519-A697-07F1476438A7}.Release|Any CPU.ActiveCfg = Release|Any CPU
		{5B7096A7-960E-4519-A697-07F1476438A7}.Release|Any CPU.Build.0 = Release|Any CPU
	EndGlobalSection
	GlobalSection(SolutionProperties) = preSolution
		HideSolutionNode = FALSE
	EndGlobalSection
	GlobalSection(ExtensibilityGlobals) = postSolution
		SolutionGuid = {B6F5FBE6-7D0C-4BCE-8B8F-3D1A1BA09B35}
	EndGlobalSection
EndGlobal
